
Microsoft Visual Studio Solution File, Format Version 12.00
# Visual Studio 2012
Project("{8BC9CEB8-8B4A-11D0-8D11-00A0C91BC942}") = "i4core", "i4core\i4core.vcxproj", "{8E9A4BDF-F1AB-40BD-A290-8440A8837B42}"
EndProject
Project("{8BC9CEB8-8B4A-11D0-8D11-00A0C91BC942}") = "i4graphics", "i4graphics\i4graphics.vcxproj", "{7F0A03B8-CD7E-4F3B-B0CB-552781E0B0D2}"
	ProjectSection(ProjectDependencies) = postProject
		{8E9A4BDF-F1AB-40BD-A290-8440A8837B42} = {8E9A4BDF-F1AB-40BD-A290-8440A8837B42}
	EndProjectSection
EndProject
Project("{8BC9CEB8-8B4A-11D0-8D11-00A0C91BC942}") = "i4minigame", "i4minigame\i4minigame.vcxproj", "{073664ED-8509-499A-BFCF-7C36D924BC3B}"
EndProject
Global
	GlobalSection(SolutionConfigurationPlatforms) = preSolution
		Debug|Win32 = Debug|Win32
		Release|Win32 = Release|Win32
	EndGlobalSection
	GlobalSection(ProjectConfigurationPlatforms) = postSolution
		{8E9A4BDF-F1AB-40BD-A290-8440A8837B42}.Debug|Win32.ActiveCfg = Debug|Win32
		{8E9A4BDF-F1AB-40BD-A290-8440A8837B42}.Debug|Win32.Build.0 = Debug|Win32
		{8E9A4BDF-F1AB-40BD-A290-8440A8837B42}.Release|Win32.ActiveCfg = Release|Win32
		{8E9A4BDF-F1AB-40BD-A290-8440A8837B42}.Release|Win32.Build.0 = Release|Win32
		{7F0A03B8-CD7E-4F3B-B0CB-552781E0B0D2}.Debug|Win32.ActiveCfg = Debug|Win32
		{7F0A03B8-CD7E-4F3B-B0CB-552781E0B0D2}.Debug|Win32.Build.0 = Debug|Win32
		{7F0A03B8-CD7E-4F3B-B0CB-552781E0B0D2}.Release|Win32.ActiveCfg = Release|Win32
		{7F0A03B8-CD7E-4F3B-B0CB-552781E0B0D2}.Release|Win32.Build.0 = Release|Win32
		{073664ED-8509-499A-BFCF-7C36D924BC3B}.Debug|Win32.ActiveCfg = Debug|Win32
		{073664ED-8509-499A-BFCF-7C36D924BC3B}.Debug|Win32.Build.0 = Debug|Win32
		{073664ED-8509-499A-BFCF-7C36D924BC3B}.Release|Win32.ActiveCfg = Release|Win32
		{073664ED-8509-499A-BFCF-7C36D924BC3B}.Release|Win32.Build.0 = Release|Win32
	EndGlobalSection
	GlobalSection(SolutionProperties) = preSolution
		HideSolutionNode = FALSE
	EndGlobalSection
EndGlobal
