<?xml version="1.0" encoding="utf-8"?>
<Project ToolsVersion="4.0" xmlns="http://schemas.microsoft.com/developer/msbuild/2003">
  <ItemGroup>
    <Filter Include="dllmain">
      <UniqueIdentifier>{9ce2b2f5-55cf-491e-b691-444170573e64}</UniqueIdentifier>
    </Filter>
    <Filter Include="debug">
      <UniqueIdentifier>{65112b84-c368-443c-aa6b-5da3de86ab01}</UniqueIdentifier>
    </Filter>
    <Filter Include="debug\log">
      <UniqueIdentifier>{b97e5209-1d5c-48a6-a55e-571c71b88a97}</UniqueIdentifier>
    </Filter>
    <Filter Include="debug\profile">
      <UniqueIdentifier>{f77eb1c2-80cf-4dca-84b5-980d6f293f03}</UniqueIdentifier>
    </Filter>
    <Filter Include="math">
      <UniqueIdentifier>{52ad5d74-58dd-454e-9431-efc5eaedecf2}</UniqueIdentifier>
    </Filter>
  </ItemGroup>
  <ItemGroup>
    <None Include="ReadMe.txt" />
  </ItemGroup>
  <ItemGroup>
    <ClInclude Include="targetver.h">
      <Filter>dllmain</Filter>
    </ClInclude>
    <ClInclude Include="I4Log.h">
      <Filter>debug\log</Filter>
    </ClInclude>
    <ClInclude Include="i4core.h">
      <Filter>dllmain</Filter>
    </ClInclude>
    <ClInclude Include="I4Profile.h">
      <Filter>debug\profile</Filter>
    </ClInclude>
    <ClInclude Include="I4StopWatch.h">
      <Filter>debug\profile</Filter>
    </ClInclude>
    <ClInclude Include="I4Vector2.h">
      <Filter>math</Filter>
    </ClInclude>
    <ClInclude Include="I4Vector3.h">
      <Filter>math</Filter>
    </ClInclude>
    <ClInclude Include="I4Vector4.h">
      <Filter>math</Filter>
    </ClInclude>
    <ClInclude Include="I4Matrix4x4.h">
      <Filter>math</Filter>
    </ClInclude>
    <ClInclude Include="I4Ray.h">
      <Filter>math</Filter>
    </ClInclude>
    <ClInclude Include="I4AABB.h">
      <Filter>math</Filter>
    </ClInclude>
    <ClInclude Include="I4Plane.h">
      <Filter>math</Filter>
    </ClInclude>
    <ClInclude Include="I4Sphere.h">
      <Filter>math</Filter>
    </ClInclude>
    <ClInclude Include="I4ProfileWriterJson.h">
      <Filter>debug\profile</Filter>
    </ClInclude>
    <ClInclude Include="I4Quaternion.h">
      <Filter>math</Filter>
    </ClInclude>
    <ClInclude Include="I4MathUtil.h">
      <Filter>math</Filter>
    </ClInclude>
  </ItemGroup>
  <ItemGroup>
    <ClCompile Include="dllmain.cpp">
      <Filter>dllmain</Filter>
    </ClCompile>
    <ClCompile Include="i4core.cpp">
      <Filter>dllmain</Filter>
    </ClCompile>
    <ClCompile Include="I4Log.cpp">
      <Filter>debug\log</Filter>
    </ClCompile>
    <ClCompile Include="I4Profile.cpp">
      <Filter>debug\profile</Filter>
    </ClCompile>
    <ClCompile Include="I4StopWatch.cpp">
      <Filter>debug\profile</Filter>
    </ClCompile>
    <ClCompile Include="I4ProfileWriterJson.cpp">
      <Filter>debug\profile</Filter>
    </ClCompile>
  </ItemGroup>
</Project>