<?xml version="1.0" encoding="utf-8"?>
<Project ToolsVersion="4.0" xmlns="http://schemas.microsoft.com/developer/msbuild/2003">
  <ItemGroup>
    <Filter Include="리소스 파일">
      <UniqueIdentifier>{67DA6AB6-F800-4c08-8B7A-83BB121AAD01}</UniqueIdentifier>
      <Extensions>rc;ico;cur;bmp;dlg;rc2;rct;bin;rgs;gif;jpg;jpeg;jpe;resx;tiff;tif;png;wav;mfcribbon-ms</Extensions>
    </Filter>
  </ItemGroup>
  <ItemGroup>
    <None Include="ReadMe.txt" />
    <None Include="res\file_view.ico">
      <Filter>리소스 파일</Filter>
    </None>
    <None Include="res\file_view_hc.ico">
      <Filter>리소스 파일</Filter>
    </None>
    <None Include="res\class_view.ico">
      <Filter>리소스 파일</Filter>
    </None>
    <None Include="res\class_view_hc.ico">
      <Filter>리소스 파일</Filter>
    </None>
    <None Include="res\fileview.bmp">
      <Filter>리소스 파일</Filter>
    </None>
    <None Include="res\fileview_hc.bmp">
      <Filter>리소스 파일</Filter>
    </None>
    <None Include="res\classview.bmp">
      <Filter>리소스 파일</Filter>
    </None>
    <None Include="res\classview_hc.bmp">
      <Filter>리소스 파일</Filter>
    </None>
    <None Include="res\explorer.bmp">
      <Filter>리소스 파일</Filter>
    </None>
    <None Include="res\explorer_hc.bmp">
      <Filter>리소스 파일</Filter>
    </None>
    <None Include="res\sort.bmp">
      <Filter>리소스 파일</Filter>
    </None>
    <None Include="res\sort_hc.bmp">
      <Filter>리소스 파일</Filter>
    </None>
    <None Include="res\menuimages.bmp">
      <Filter>리소스 파일</Filter>
    </None>
    <None Include="res\menuimages_hc.bmp">
      <Filter>리소스 파일</Filter>
    </None>
    <None Include="res\output_wnd.ico">
      <Filter>리소스 파일</Filter>
    </None>
    <None Include="res\output_wnd_hc.ico">
      <Filter>리소스 파일</Filter>
    </None>
    <None Include="res\properties_wnd.ico">
      <Filter>리소스 파일</Filter>
    </None>
    <None Include="res\properties_wnd_hc.ico">
      <Filter>리소스 파일</Filter>
    </None>
    <None Include="res\properties.bmp">
      <Filter>리소스 파일</Filter>
    </None>
    <None Include="res\properties_hc.bmp">
      <Filter>리소스 파일</Filter>
    </None>
    <None Include="res\nav_large.bmp">
      <Filter>리소스 파일</Filter>
    </None>
    <None Include="res\nav_large_hc.bmp">
      <Filter>리소스 파일</Filter>
    </None>
    <None Include="res\pages.bmp">
      <Filter>리소스 파일</Filter>
    </None>
    <None Include="res\pages_hc.bmp">
      <Filter>리소스 파일</Filter>
    </None>
    <None Include="res\pages_small.bmp">
      <Filter>리소스 파일</Filter>
    </None>
    <None Include="res\pages_small_hc.bmp">
      <Filter>리소스 파일</Filter>
    </None>
    <None Include="res\info.bmp">
      <Filter>리소스 파일</Filter>
    </None>
    <None Include="UserImages.bmp">
      <Filter>리소스 파일</Filter>
    </None>
    <None Include="res\i4mercytool.rc2">
      <Filter>리소스 파일</Filter>
    </None>
    <None Include="res\i4mercytoolDoc.ico">
      <Filter>리소스 파일</Filter>
    </None>
    <None Include="res\i4mercytool.ico">
      <Filter>리소스 파일</Filter>
    </None>
    <None Include="res\Toolbar.bmp">
      <Filter>리소스 파일</Filter>
    </None>
    <None Include="res\Toolbar256.bmp">
      <Filter>리소스 파일</Filter>
    </None>
  </ItemGroup>
  <ItemGroup>
    <ClInclude Include="CalendarBar.h" />
    <ClInclude Include="ViewTree.h" />
    <ClInclude Include="ClassView.h" />
    <ClInclude Include="FileView.h" />
    <ClInclude Include="i4mercytool.h" />
    <ClInclude Include="I4MercyToolDoc.h" />
    <ClInclude Include="I4MercyToolView.h" />
    <ClInclude Include="MainFrm.h" />
    <ClInclude Include="OutputWnd.h" />
    <ClInclude Include="PropertiesWnd.h" />
    <ClInclude Include="Resource.h" />
    <ClInclude Include="stdafx.h" />
    <ClInclude Include="targetver.h" />
  </ItemGroup>
  <ItemGroup>
    <ClCompile Include="ViewTree.cpp" />
    <ClCompile Include="CalendarBar.cpp" />
    <ClCompile Include="ClassView.cpp" />
    <ClCompile Include="FileView.cpp" />
    <ClCompile Include="i4mercytool.cpp" />
    <ClCompile Include="I4MercyToolDoc.cpp" />
    <ClCompile Include="I4MercyToolView.cpp" />
    <ClCompile Include="MainFrm.cpp" />
    <ClCompile Include="OutputWnd.cpp" />
    <ClCompile Include="PropertiesWnd.cpp" />
    <ClCompile Include="stdafx.cpp" />
  </ItemGroup>
  <ItemGroup>
    <ResourceCompile Include="i4mercytool.rc">
      <Filter>리소스 파일</Filter>
    </ResourceCompile>
  </ItemGroup>
</Project>