<?xml version="1.0" encoding="utf-8"?>
<Project ToolsVersion="4.0" xmlns="http://schemas.microsoft.com/developer/msbuild/2003">
  <ItemGroup>
    <Filter Include="Resource Files">
      <UniqueIdentifier>{67DA6AB6-F800-4c08-8B7A-83BB121AAD01}</UniqueIdentifier>
      <Extensions>rc;ico;cur;bmp;dlg;rc2;rct;bin;rgs;gif;jpg;jpeg;jpe;resx;tiff;tif;png;wav;mfcribbon-ms</Extensions>
    </Filter>
    <Filter Include="component">
      <UniqueIdentifier>{29ead952-2733-442b-aa53-27bdb330e504}</UniqueIdentifier>
    </Filter>
    <Filter Include="base">
      <UniqueIdentifier>{595da40c-e85a-4444-a25e-1618fe684c00}</UniqueIdentifier>
    </Filter>
    <Filter Include="physics">
      <UniqueIdentifier>{64bd1274-8ec6-429e-82a1-b58dfb82a2c6}</UniqueIdentifier>
    </Filter>
  </ItemGroup>
  <ItemGroup>
    <Text Include="ReadMe.txt" />
  </ItemGroup>
  <ItemGroup>
    <ClInclude Include="I4ObjectMgr.h">
      <Filter>base</Filter>
    </ClInclude>
    <ClInclude Include="I4ObjectNode.h">
      <Filter>base</Filter>
    </ClInclude>
    <ClInclude Include="i4object.h" />
    <ClInclude Include="stdafx.h" />
    <ClInclude Include="targetver.h" />
    <ClInclude Include="I4ObjectComponent.h">
      <Filter>base</Filter>
    </ClInclude>
    <ClInclude Include="I4ObjectViewComponent.h">
      <Filter>component</Filter>
    </ClInclude>
    <ClInclude Include="I4ObjectPointLightComponent.h">
      <Filter>component</Filter>
    </ClInclude>
    <ClInclude Include="I4BulletPhysics.h">
      <Filter>physics</Filter>
    </ClInclude>
    <ClInclude Include="I4ObjectRigidBodyComponent.h">
      <Filter>component</Filter>
    </ClInclude>
    <ClInclude Include="I4BulletDebugDraw.h">
      <Filter>physics</Filter>
    </ClInclude>
  </ItemGroup>
  <ItemGroup>
    <ClCompile Include="I4ObjectMgr.cpp">
      <Filter>base</Filter>
    </ClCompile>
    <ClCompile Include="I4ObjectNode.cpp">
      <Filter>base</Filter>
    </ClCompile>
    <ClCompile Include="i4object.cpp" />
    <ClCompile Include="stdafx.cpp" />
    <ClCompile Include="I4ObjectViewComponent.cpp">
      <Filter>component</Filter>
    </ClCompile>
    <ClCompile Include="I4ObjectPointLightComponent.cpp">
      <Filter>component</Filter>
    </ClCompile>
    <ClCompile Include="I4BulletPhysics.cpp">
      <Filter>physics</Filter>
    </ClCompile>
    <ClCompile Include="I4ObjectRigidBodyComponent.cpp">
      <Filter>component</Filter>
    </ClCompile>
    <ClCompile Include="I4BulletDebugDraw.cpp">
      <Filter>physics</Filter>
    </ClCompile>
  </ItemGroup>
</Project>