<?xml version="1.0" encoding="utf-8"?>
<Project ToolsVersion="4.0" xmlns="http://schemas.microsoft.com/developer/msbuild/2003">
  <ItemGroup>
    <Filter Include="DirectXTex">
      <UniqueIdentifier>{2ed0821f-bb8a-4ad9-9969-4c7109676765}</UniqueIdentifier>
    </Filter>
    <Filter Include="shader">
      <UniqueIdentifier>{0c32637f-028b-4be2-91b6-69cf8c7dea34}</UniqueIdentifier>
    </Filter>
    <Filter Include="model">
      <UniqueIdentifier>{108f59b2-25ed-45a0-956b-4c905e43f733}</UniqueIdentifier>
    </Filter>
    <Filter Include="renderer">
      <UniqueIdentifier>{556cb7c9-bf0f-46e3-af8d-494592102e35}</UniqueIdentifier>
    </Filter>
    <Filter Include="driver">
      <UniqueIdentifier>{95953fb4-c14d-4d22-b947-270822ffd4f7}</UniqueIdentifier>
    </Filter>
  </ItemGroup>
  <ItemGroup>
    <None Include="ReadMe.txt" />
  </ItemGroup>
  <ItemGroup>
    <ClInclude Include="I4Format.h" />
    <ClInclude Include="i4graphics.h" />
    <ClInclude Include="..\dependency\DirectXTex\DDSTextureLoader.h">
      <Filter>DirectXTex</Filter>
    </ClInclude>
    <ClInclude Include="targetver.h" />
    <ClInclude Include="stdafx.h" />
    <ClInclude Include="I4AnimationController.h">
      <Filter>model</Filter>
    </ClInclude>
    <ClInclude Include="I4AnimationTrack.h">
      <Filter>model</Filter>
    </ClInclude>
    <ClInclude Include="I4Model.h">
      <Filter>model</Filter>
    </ClInclude>
    <ClInclude Include="I4ModelElement.h">
      <Filter>model</Filter>
    </ClInclude>
    <ClInclude Include="I4ModelElementInfo.h">
      <Filter>model</Filter>
    </ClInclude>
    <ClInclude Include="I4ModelMgr.h">
      <Filter>model</Filter>
    </ClInclude>
    <ClInclude Include="I4ModelResource.h">
      <Filter>model</Filter>
    </ClInclude>
    <ClInclude Include="I4KeyFrameSet.h">
      <Filter>model</Filter>
    </ClInclude>
    <ClInclude Include="I4GeometryBuffer.h">
      <Filter>driver</Filter>
    </ClInclude>
    <ClInclude Include="I4GeometryBufferD3D11.h">
      <Filter>driver</Filter>
    </ClInclude>
    <ClInclude Include="I4RenderTarget.h">
      <Filter>driver</Filter>
    </ClInclude>
    <ClInclude Include="I4RenderTargetD3D11.h">
      <Filter>driver</Filter>
    </ClInclude>
    <ClInclude Include="I4ShaderMgr.h">
      <Filter>driver</Filter>
    </ClInclude>
    <ClInclude Include="I4Texture.h">
      <Filter>driver</Filter>
    </ClInclude>
    <ClInclude Include="I4TextureD3D11.h">
      <Filter>driver</Filter>
    </ClInclude>
    <ClInclude Include="I4TextureMgr.h">
      <Filter>driver</Filter>
    </ClInclude>
    <ClInclude Include="I4VideoDriver.h">
      <Filter>driver</Filter>
    </ClInclude>
    <ClInclude Include="I4VideoDriverD3D11.h">
      <Filter>driver</Filter>
    </ClInclude>
    <ClInclude Include="I4DeferredRenderer.h">
      <Filter>renderer</Filter>
    </ClInclude>
    <ClInclude Include="I4Material.h">
      <Filter>renderer</Filter>
    </ClInclude>
    <ClInclude Include="I4Shader.h">
      <Filter>driver</Filter>
    </ClInclude>
    <ClInclude Include="I4ShaderD3D11.h">
      <Filter>driver</Filter>
    </ClInclude>
    <ClInclude Include="I4Renderer.h">
      <Filter>renderer</Filter>
    </ClInclude>
    <ClInclude Include="I4PointLightMesh.h">
      <Filter>renderer</Filter>
    </ClInclude>
    <ClInclude Include="I4ScreenQuadMesh.h">
      <Filter>renderer</Filter>
    </ClInclude>
    <ClInclude Include="I4LineMesh.h">
      <Filter>renderer</Filter>
    </ClInclude>
    <ClInclude Include="I4TriangleMesh.h">
      <Filter>renderer</Filter>
    </ClInclude>
    <ClInclude Include="I4LineBatch.h">
      <Filter>renderer</Filter>
    </ClInclude>
  </ItemGroup>
  <ItemGroup>
    <ClCompile Include="i4graphics.cpp" />
    <ClCompile Include="..\dependency\DirectXTex\DDSTextureLoader.cpp">
      <Filter>DirectXTex</Filter>
    </ClCompile>
    <ClCompile Include="stdafx.cpp" />
    <ClCompile Include="I4AnimationController.cpp">
      <Filter>model</Filter>
    </ClCompile>
    <ClCompile Include="I4AnimationTrack.cpp">
      <Filter>model</Filter>
    </ClCompile>
    <ClCompile Include="I4Model.cpp">
      <Filter>model</Filter>
    </ClCompile>
    <ClCompile Include="I4ModelElement.cpp">
      <Filter>model</Filter>
    </ClCompile>
    <ClCompile Include="I4ModelMgr.cpp">
      <Filter>model</Filter>
    </ClCompile>
    <ClCompile Include="I4ModelResource.cpp">
      <Filter>model</Filter>
    </ClCompile>
    <ClCompile Include="I4GeometryBuffer.cpp">
      <Filter>driver</Filter>
    </ClCompile>
    <ClCompile Include="I4GeometryBufferD3D11.cpp">
      <Filter>driver</Filter>
    </ClCompile>
    <ClCompile Include="I4RenderTargetD3D11.cpp">
      <Filter>driver</Filter>
    </ClCompile>
    <ClCompile Include="I4ShaderMgr.cpp">
      <Filter>driver</Filter>
    </ClCompile>
    <ClCompile Include="I4TextureD3D11.cpp">
      <Filter>driver</Filter>
    </ClCompile>
    <ClCompile Include="I4TextureMgr.cpp">
      <Filter>driver</Filter>
    </ClCompile>
    <ClCompile Include="I4VideoDriver.cpp">
      <Filter>driver</Filter>
    </ClCompile>
    <ClCompile Include="I4VideoDriverD3D11.cpp">
      <Filter>driver</Filter>
    </ClCompile>
    <ClCompile Include="I4DeferredRenderer.cpp">
      <Filter>renderer</Filter>
    </ClCompile>
    <ClCompile Include="I4ShaderD3D11.cpp">
      <Filter>driver</Filter>
    </ClCompile>
    <ClCompile Include="I4PointLightMesh.cpp">
      <Filter>renderer</Filter>
    </ClCompile>
    <ClCompile Include="I4ScreenQuadMesh.cpp">
      <Filter>renderer</Filter>
    </ClCompile>
    <ClCompile Include="I4LineMesh.cpp">
      <Filter>renderer</Filter>
    </ClCompile>
    <ClCompile Include="I4TriangleMesh.cpp">
      <Filter>renderer</Filter>
    </ClCompile>
    <ClCompile Include="I4LineBatch.cpp">
      <Filter>renderer</Filter>
    </ClCompile>
  </ItemGroup>
  <ItemGroup>
    <FxCompile Include="..\bin\shader\default.fx">
      <Filter>shader</Filter>
    </FxCompile>
    <FxCompile Include="..\bin\shader\deferred_g.fx">
      <Filter>shader</Filter>
    </FxCompile>
    <FxCompile Include="..\bin\shader\deferred_l_directional.fx">
      <Filter>shader</Filter>
    </FxCompile>
    <FxCompile Include="..\bin\shader\deferred_l_point.fx">
      <Filter>shader</Filter>
    </FxCompile>
    <FxCompile Include="..\bin\shader\deferred_m.fx">
      <Filter>shader</Filter>
    </FxCompile>
    <FxCompile Include="..\bin\shader\shadowmap.fx">
      <Filter>shader</Filter>
    </FxCompile>
  </ItemGroup>
</Project>