<?xml version="1.0" encoding="utf-8"?>
<Project ToolsVersion="4.0" xmlns="http://schemas.microsoft.com/developer/msbuild/2003">
  <ItemGroup>
    <Filter Include="DirectXTex">
      <UniqueIdentifier>{2ed0821f-bb8a-4ad9-9969-4c7109676765}</UniqueIdentifier>
    </Filter>
    <Filter Include="shader">
      <UniqueIdentifier>{0c32637f-028b-4be2-91b6-69cf8c7dea34}</UniqueIdentifier>
    </Filter>
  </ItemGroup>
  <ItemGroup>
    <None Include="ReadMe.txt" />
  </ItemGroup>
  <ItemGroup>
    <ClInclude Include="I4Format.h" />
    <ClInclude Include="I4GeometryBuffer.h" />
    <ClInclude Include="i4graphics.h" />
    <ClInclude Include="I4QuadMesh.h" />
    <ClInclude Include="I4RenderTarget.h" />
    <ClInclude Include="I4ShaderMgr.h" />
    <ClInclude Include="I4ShaderProgram.h" />
    <ClInclude Include="I4SphereMesh.h" />
    <ClInclude Include="I4Texture.h" />
    <ClInclude Include="I4VideoDriver.h" />
    <ClInclude Include="I4GeometryBufferD3D11.h" />
    <ClInclude Include="I4RenderTargetD3D11.h" />
    <ClInclude Include="I4ShaderProgramD3D11.h" />
    <ClInclude Include="I4TextureD3D11.h" />
    <ClInclude Include="I4VideoDriverD3D11.h" />
    <ClInclude Include="..\dependency\DirectXTex\DDSTextureLoader.h">
      <Filter>DirectXTex</Filter>
    </ClInclude>
    <ClInclude Include="I4AnimationController.h" />
    <ClInclude Include="I4Actor.h" />
    <ClInclude Include="I4ActorElement.h" />
    <ClInclude Include="I4ActorElementInfo.h" />
    <ClInclude Include="I4ActorMgr.h" />
    <ClInclude Include="I4ActorResource.h" />
    <ClInclude Include="I4AnimationTrack.h" />
    <ClInclude Include="I4KeyFrameSet.h" />
    <ClInclude Include="I4Material.h" />
    <ClInclude Include="I4Mesh.h" />
    <ClInclude Include="I4DeferredRenderer.h" />
    <ClInclude Include="I4TextureMgr.h" />
    <ClInclude Include="targetver.h" />
    <ClInclude Include="stdafx.h" />
  </ItemGroup>
  <ItemGroup>
    <ClCompile Include="I4GeometryBuffer.cpp" />
    <ClCompile Include="i4graphics.cpp" />
    <ClCompile Include="I4QuadMesh.cpp" />
    <ClCompile Include="I4ShaderMgr.cpp" />
    <ClCompile Include="I4SphereMesh.cpp" />
    <ClCompile Include="I4VideoDriver.cpp" />
    <ClCompile Include="I4GeometryBufferD3D11.cpp" />
    <ClCompile Include="I4RenderTargetD3D11.cpp" />
    <ClCompile Include="I4ShaderProgramD3D11.cpp" />
    <ClCompile Include="I4TextureD3D11.cpp" />
    <ClCompile Include="I4VideoDriverD3D11.cpp" />
    <ClCompile Include="..\dependency\DirectXTex\DDSTextureLoader.cpp">
      <Filter>DirectXTex</Filter>
    </ClCompile>
    <ClCompile Include="I4Actor.cpp" />
    <ClCompile Include="I4ActorElement.cpp" />
    <ClCompile Include="I4ActorMgr.cpp" />
    <ClCompile Include="I4ActorResource.cpp" />
    <ClCompile Include="I4AnimationController.cpp" />
    <ClCompile Include="I4AnimationTrack.cpp" />
    <ClCompile Include="I4Mesh.cpp" />
    <ClCompile Include="I4DeferredRenderer.cpp" />
    <ClCompile Include="I4TextureMgr.cpp" />
    <ClCompile Include="dllmain.cpp" />
    <ClCompile Include="stdafx.cpp" />
  </ItemGroup>
  <ItemGroup>
    <FxCompile Include="..\bin\shader\default.fx">
      <Filter>shader</Filter>
    </FxCompile>
    <FxCompile Include="..\bin\shader\deferred_g.fx">
      <Filter>shader</Filter>
    </FxCompile>
    <FxCompile Include="..\bin\shader\deferred_l_directional.fx">
      <Filter>shader</Filter>
    </FxCompile>
    <FxCompile Include="..\bin\shader\deferred_l_point.fx">
      <Filter>shader</Filter>
    </FxCompile>
    <FxCompile Include="..\bin\shader\deferred_m.fx">
      <Filter>shader</Filter>
    </FxCompile>
  </ItemGroup>
</Project>